<?xml version="1.0" encoding="utf-8"?>
<Project ToolsVersion="4.0" xmlns="http://schemas.microsoft.com/developer/msbuild/2003">
  <ItemGroup>
    <Filter Include="Source Files">
      <UniqueIdentifier>{4FC737F1-C7A5-4376-A066-2A32D752A2FF}</UniqueIdentifier>
      <Extensions>cpp;c;cc;cxx;def;odl;idl;hpj;bat;asm;asmx</Extensions>
    </Filter>
    <Filter Include="Header Files">
      <UniqueIdentifier>{93995380-89BD-4b04-88EB-625FBE52EBFB}</UniqueIdentifier>
      <Extensions>h;hh;hpp;hxx;hm;inl;inc;ipp;xsd</Extensions>
    </Filter>
    <Filter Include="Resource Files">
      <UniqueIdentifier>{67DA6AB6-F800-4c08-8B7A-83BB121AAD01}</UniqueIdentifier>
      <Extensions>rc;ico;cur;bmp;dlg;rc2;rct;bin;rgs;gif;jpg;jpeg;jpe;resx;tiff;tif;png;wav;mfcribbon-ms</Extensions>
    </Filter>
  </ItemGroup>
  <ItemGroup>
    <ClCompile Include="ProjectManagementSystem.cpp">
      <Filter>Source Files</Filter>
    </ClCompile>
    <ClCompile Include="UserClass.cpp">
      <Filter>Resource Files</Filter>
    </ClCompile>
    <ClCompile Include="ProjectClass.cpp">
      <Filter>Resource Files</Filter>
    </ClCompile>
    <ClCompile Include="DeadlineManager.cpp">
      <Filter>Resource Files</Filter>
    </ClCompile>
    <ClCompile Include="DescriptionManager.cpp">
      <Filter>Resource Files</Filter>
    </ClCompile>
    <ClCompile Include="StatusManager.cpp">
      <Filter>Resource Files</Filter>
    </ClCompile>
    <ClCompile Include="RoleManager.cpp">
      <Filter>Resource Files</Filter>
    </ClCompile>
    <ClCompile Include="UserInfoManager.cpp">
      <Filter>Resource Files</Filter>
    </ClCompile>
    <ClCompile Include="RatingManager.cpp">
      <Filter>Resource Files</Filter>
    </ClCompile>
    <ClCompile Include="Database.cpp">
      <Filter>Resource Files</Filter>
    </ClCompile>
    <ClCompile Include="Interface.cpp">
      <Filter>Resource Files</Filter>
    </ClCompile>
    <ClCompile Include="NotificationStruct.cpp">
      <Filter>Resource Files</Filter>
    </ClCompile>
  </ItemGroup>
  <ItemGroup>
    <ClInclude Include="ProjectClass.h">
      <Filter>Header Files</Filter>
    </ClInclude>
    <ClInclude Include="UserClass.h">
      <Filter>Header Files</Filter>
    </ClInclude>
    <ClInclude Include="DeadlineManager.h">
      <Filter>Header Files</Filter>
    </ClInclude>
    <ClInclude Include="DescriptionManager.h">
      <Filter>Header Files</Filter>
    </ClInclude>
    <ClInclude Include="StatusManager.h">
      <Filter>Header Files</Filter>
    </ClInclude>
    <ClInclude Include="RoleManager.h">
      <Filter>Header Files</Filter>
    </ClInclude>
    <ClInclude Include="RatingManager.h">
      <Filter>Header Files</Filter>
    </ClInclude>
    <ClInclude Include="UserInfoManager.h">
      <Filter>Header Files</Filter>
    </ClInclude>
    <ClInclude Include="Database.h">
      <Filter>Header Files</Filter>
    </ClInclude>
    <ClInclude Include="Interface.h">
      <Filter>Header Files</Filter>
    </ClInclude>
    <ClInclude Include="NotificationStruct.h">
      <Filter>Header Files</Filter>
    </ClInclude>
  </ItemGroup>
</Project>
